# This file is autogenerated, do not edit; changes may be undone by the next 'dep ensure'.


[[projects]]
  digest = "1:842d7d87e4139391e338ed33db397a19fb76be16f1c70940b5d55c06ec54a668"
  name = "github.com/clbanning/mxj"
  packages = [
    ".",
    "x2j",
  ]
  pruneopts = "UT"
  revision = "82051832829e23b1986f479cf92a7e3ba6cca7b6"
  version = "v1.8.1"

[solve-meta]
  analyzer-name = "dep"
  analyzer-version = 1
  input-imports = [
    "github.com/clbanning/mxj",
    "github.com/clbanning/mxj/x2j",
  ]
  solver-name = "gps-cdcl"
  solver-version = 1
